
Microsoft Visual Studio Solution File, Format Version 12.00
# Visual Studio Express 2012 for Windows Desktop
Project("{FAE04EC0-301F-11D3-BF4B-00C04F79EFBC}") = "Ejercicio01", "Ejercicio01\Ejercicio01.csproj", "{0FE36F44-AC39-47FA-BB3D-3ECF2E070649}"
EndProject
Global
	GlobalSection(SolutionConfigurationPlatforms) = preSolution
		Debug|Any CPU = Debug|Any CPU
		Release|Any CPU = Release|Any CPU
	EndGlobalSection
	GlobalSection(ProjectConfigurationPlatforms) = postSolution
		{0FE36F44-AC39-47FA-BB3D-3ECF2E070649}.Debug|Any CPU.ActiveCfg = Debug|Any CPU
		{0FE36F44-AC39-47FA-BB3D-3ECF2E070649}.Debug|Any CPU.Build.0 = Debug|Any CPU
		{0FE36F44-AC39-47FA-BB3D-3ECF2E070649}.Release|Any CPU.ActiveCfg = Release|Any CPU
		{0FE36F44-AC39-47FA-BB3D-3ECF2E070649}.Release|Any CPU.Build.0 = Release|Any CPU
	EndGlobalSection
	GlobalSection(SolutionProperties) = preSolution
		HideSolutionNode = FALSE
	EndGlobalSection
EndGlobal
